
Microsoft Visual Studio Solution File, Format Version 12.00
# Visual Studio Version 17
VisualStudioVersion = 17.3.32929.385
MinimumVisualStudioVersion = 10.0.40219.1
Project("{FAE04EC0-301F-11D3-BF4B-00C04F79EFBC}") = "UltimatePredictor", "UltimatePredictor.csproj", "{68DB9064-3F74-4566-BBFB-87D5EE16C5D6}"
EndProject
Global
	GlobalSection(SolutionConfigurationPlatforms) = preSolution
		Debug|Any CPU = Debug|Any CPU
		Release|Any CPU = Release|Any CPU
	EndGlobalSection
	GlobalSection(ProjectConfigurationPlatforms) = postSolution
		{68DB9064-3F74-4566-BBFB-87D5EE16C5D6}.Debug|Any CPU.ActiveCfg = Debug|Any CPU
		{68DB9064-3F74-4566-BBFB-87D5EE16C5D6}.Debug|Any CPU.Build.0 = Debug|Any CPU
		{68DB9064-3F74-4566-BBFB-87D5EE16C5D6}.Release|Any CPU.ActiveCfg = Release|Any CPU
		{68DB9064-3F74-4566-BBFB-87D5EE16C5D6}.Release|Any CPU.Build.0 = Release|Any CPU
	EndGlobalSection
	GlobalSection(SolutionProperties) = preSolution
		HideSolutionNode = FALSE
	EndGlobalSection
	GlobalSection(ExtensibilityGlobals) = postSolution
		SolutionGuid = {6D66D0A9-CE93-4C24-B020-B9AD9C891E38}
	EndGlobalSection
EndGlobal
