
Microsoft Visual Studio Solution File, Format Version 12.00
# Visual Studio Version 17
VisualStudioVersion = 17.3.32929.385
MinimumVisualStudioVersion = 10.0.40219.1
Project("{FAE04EC0-301F-11D3-BF4B-00C04F79EFBC}") = "GameOfLife", "GameOfLife.csproj", "{C2C0403C-DA5A-4997-A097-E1629E74AE11}"
EndProject
Project("{FAE04EC0-301F-11D3-BF4B-00C04F79EFBC}") = "ConsoleLife", "..\ConsoleLife\ConsoleLife.csproj", "{23452ADE-D267-44ED-94B7-9C9C775FC7A2}"
EndProject
Global
	GlobalSection(SolutionConfigurationPlatforms) = preSolution
		Debug|Any CPU = Debug|Any CPU
		Release|Any CPU = Release|Any CPU
	EndGlobalSection
	GlobalSection(ProjectConfigurationPlatforms) = postSolution
		{C2C0403C-DA5A-4997-A097-E1629E74AE11}.Debug|Any CPU.ActiveCfg = Debug|Any CPU
		{C2C0403C-DA5A-4997-A097-E1629E74AE11}.Debug|Any CPU.Build.0 = Debug|Any CPU
		{C2C0403C-DA5A-4997-A097-E1629E74AE11}.Release|Any CPU.ActiveCfg = Release|Any CPU
		{C2C0403C-DA5A-4997-A097-E1629E74AE11}.Release|Any CPU.Build.0 = Release|Any CPU
		{23452ADE-D267-44ED-94B7-9C9C775FC7A2}.Debug|Any CPU.ActiveCfg = Debug|Any CPU
		{23452ADE-D267-44ED-94B7-9C9C775FC7A2}.Debug|Any CPU.Build.0 = Debug|Any CPU
		{23452ADE-D267-44ED-94B7-9C9C775FC7A2}.Release|Any CPU.ActiveCfg = Release|Any CPU
		{23452ADE-D267-44ED-94B7-9C9C775FC7A2}.Release|Any CPU.Build.0 = Release|Any CPU
	EndGlobalSection
	GlobalSection(SolutionProperties) = preSolution
		HideSolutionNode = FALSE
	EndGlobalSection
	GlobalSection(ExtensibilityGlobals) = postSolution
		SolutionGuid = {C8DDE713-49CF-4370-9B90-04906044D177}
	EndGlobalSection
EndGlobal
