
Microsoft Visual Studio Solution File, Format Version 12.00
# Visual Studio Version 17
VisualStudioVersion = 17.3.32929.385
MinimumVisualStudioVersion = 10.0.40219.1
Project("{FAE04EC0-301F-11D3-BF4B-00C04F79EFBC}") = "ImageProcessing", "ImageProcessing.csproj", "{A5D32564-9D9A-4DBD-87F8-8E923D79680B}"
EndProject
Global
	GlobalSection(SolutionConfigurationPlatforms) = preSolution
		Debug|Any CPU = Debug|Any CPU
		Release|Any CPU = Release|Any CPU
	EndGlobalSection
	GlobalSection(ProjectConfigurationPlatforms) = postSolution
		{A5D32564-9D9A-4DBD-87F8-8E923D79680B}.Debug|Any CPU.ActiveCfg = Debug|Any CPU
		{A5D32564-9D9A-4DBD-87F8-8E923D79680B}.Debug|Any CPU.Build.0 = Debug|Any CPU
		{A5D32564-9D9A-4DBD-87F8-8E923D79680B}.Release|Any CPU.ActiveCfg = Release|Any CPU
		{A5D32564-9D9A-4DBD-87F8-8E923D79680B}.Release|Any CPU.Build.0 = Release|Any CPU
	EndGlobalSection
	GlobalSection(SolutionProperties) = preSolution
		HideSolutionNode = FALSE
	EndGlobalSection
	GlobalSection(ExtensibilityGlobals) = postSolution
		SolutionGuid = {1A68BBF8-5F47-471D-8D28-2DE05B8942A7}
	EndGlobalSection
EndGlobal
